
Microsoft Visual Studio Solution File, Format Version 12.00
# Visual Studio Version 16
VisualStudioVersion = 25.0.1704.5
MinimumVisualStudioVersion = 10.0.40219.1
Project("{FAE04EC0-301F-11D3-BF4B-00C04F79EFBC}") = "shraredclasses", "shraredclasses\shraredclasses.csproj", "{F37CC3BC-A1D7-4E64-9FDC-E6F4F87C7680}"
EndProject
Project("{FAE04EC0-301F-11D3-BF4B-00C04F79EFBC}") = "hris", "hris\hris.csproj", "{C984C5E5-4624-4EC9-A1A6-B53C97CB32ED}"
EndProject
Project("{FAE04EC0-301F-11D3-BF4B-00C04F79EFBC}") = "auth", "auth\auth.csproj", "{335CAE1E-A01F-41FA-9221-C672D73458F2}"
EndProject
Project("{FAE04EC0-301F-11D3-BF4B-00C04F79EFBC}") = "ats", "ats\ats.csproj", "{33BAB300-F8F9-405A-8DC1-275F7DE29060}"
EndProject
Project("{FAE04EC0-301F-11D3-BF4B-00C04F79EFBC}") = "notification", "notification\notification.csproj", "{DC6CF28E-6B56-41CD-8BCC-1800F9E3E81E}"
EndProject
Global
	GlobalSection(SolutionConfigurationPlatforms) = preSolution
		Debug|Any CPU = Debug|Any CPU
		Release|Any CPU = Release|Any CPU
	EndGlobalSection
	GlobalSection(ProjectConfigurationPlatforms) = postSolution
		{F37CC3BC-A1D7-4E64-9FDC-E6F4F87C7680}.Debug|Any CPU.ActiveCfg = Debug|Any CPU
		{F37CC3BC-A1D7-4E64-9FDC-E6F4F87C7680}.Debug|Any CPU.Build.0 = Debug|Any CPU
		{F37CC3BC-A1D7-4E64-9FDC-E6F4F87C7680}.Release|Any CPU.ActiveCfg = Release|Any CPU
		{F37CC3BC-A1D7-4E64-9FDC-E6F4F87C7680}.Release|Any CPU.Build.0 = Release|Any CPU
		{C984C5E5-4624-4EC9-A1A6-B53C97CB32ED}.Debug|Any CPU.ActiveCfg = Debug|Any CPU
		{C984C5E5-4624-4EC9-A1A6-B53C97CB32ED}.Debug|Any CPU.Build.0 = Debug|Any CPU
		{C984C5E5-4624-4EC9-A1A6-B53C97CB32ED}.Release|Any CPU.ActiveCfg = Release|Any CPU
		{C984C5E5-4624-4EC9-A1A6-B53C97CB32ED}.Release|Any CPU.Build.0 = Release|Any CPU
		{335CAE1E-A01F-41FA-9221-C672D73458F2}.Debug|Any CPU.ActiveCfg = Debug|Any CPU
		{335CAE1E-A01F-41FA-9221-C672D73458F2}.Debug|Any CPU.Build.0 = Debug|Any CPU
		{335CAE1E-A01F-41FA-9221-C672D73458F2}.Release|Any CPU.ActiveCfg = Release|Any CPU
		{335CAE1E-A01F-41FA-9221-C672D73458F2}.Release|Any CPU.Build.0 = Release|Any CPU
		{33BAB300-F8F9-405A-8DC1-275F7DE29060}.Debug|Any CPU.ActiveCfg = Debug|Any CPU
		{33BAB300-F8F9-405A-8DC1-275F7DE29060}.Debug|Any CPU.Build.0 = Debug|Any CPU
		{33BAB300-F8F9-405A-8DC1-275F7DE29060}.Release|Any CPU.ActiveCfg = Release|Any CPU
		{33BAB300-F8F9-405A-8DC1-275F7DE29060}.Release|Any CPU.Build.0 = Release|Any CPU
		{DC6CF28E-6B56-41CD-8BCC-1800F9E3E81E}.Debug|Any CPU.ActiveCfg = Debug|Any CPU
		{DC6CF28E-6B56-41CD-8BCC-1800F9E3E81E}.Debug|Any CPU.Build.0 = Debug|Any CPU
		{DC6CF28E-6B56-41CD-8BCC-1800F9E3E81E}.Release|Any CPU.ActiveCfg = Release|Any CPU
		{DC6CF28E-6B56-41CD-8BCC-1800F9E3E81E}.Release|Any CPU.Build.0 = Release|Any CPU
	EndGlobalSection
	GlobalSection(SolutionProperties) = preSolution
		HideSolutionNode = FALSE
	EndGlobalSection
	GlobalSection(ExtensibilityGlobals) = postSolution
		SolutionGuid = {BC297CA9-CDD5-487F-925B-CF7ED0F7F80A}
	EndGlobalSection
EndGlobal
